
Microsoft Visual Studio Solution File, Format Version 12.00
# Visual Studio 15
VisualStudioVersion = 15.0.28307.271
MinimumVisualStudioVersion = 10.0.40219.1
Project("{8BC9CEB8-8B4A-11D0-8D11-00A0C91BC942}") = "HalloWelt", "HalloWelt\HalloWelt.vcxproj", "{58F69461-458E-413D-BA79-CE38A269EBD0}"
EndProject
Project("{8BC9CEB8-8B4A-11D0-8D11-00A0C91BC942}") = "Aufgabe17", "Aufgabe17\Aufgabe17.vcxproj", "{7AB531ED-54D5-4B39-8E37-DD896C36DE2C}"
EndProject
Project("{8BC9CEB8-8B4A-11D0-8D11-00A0C91BC942}") = "live-scratchbook", "Project1\Project1.vcxproj", "{F900F868-9BF4-4450-860A-C8C80CE96004}"
EndProject
Project("{8BC9CEB8-8B4A-11D0-8D11-00A0C91BC942}") = "Aufgabe17_ohneNull", "Aufgabe17_ohneNull\Aufgabe17_ohneNull.vcxproj", "{D9E8343D-182B-4DCB-937C-0A39C0C05BA6}"
EndProject
Project("{8BC9CEB8-8B4A-11D0-8D11-00A0C91BC942}") = "Aufgabe34ff", "Aufgabe34ff\Aufgabe34ff.vcxproj", "{56DAEB09-021F-4AF1-9544-ED73FCFC2E7A}"
EndProject
Project("{8BC9CEB8-8B4A-11D0-8D11-00A0C91BC942}") = "Aufgabe312", "Aufgabe312\Aufgabe312.vcxproj", "{56066834-9D5C-432D-ABD5-EB84169CEE69}"
EndProject
Project("{8BC9CEB8-8B4A-11D0-8D11-00A0C91BC942}") = "Aufgabe56", "Aufgabe56\Aufgabe56.vcxproj", "{7B5587AA-A73F-4F53-95F9-536AB1E8E811}"
EndProject
Project("{8BC9CEB8-8B4A-11D0-8D11-00A0C91BC942}") = "Aufgabe510", "Aufgabe510\Aufgabe510.vcxproj", "{D5A6F541-A65B-40D8-BCE5-4D1C15BA7A95}"
EndProject
Global
	GlobalSection(SolutionConfigurationPlatforms) = preSolution
		Debug|x64 = Debug|x64
		Debug|x86 = Debug|x86
		Release|x64 = Release|x64
		Release|x86 = Release|x86
	EndGlobalSection
	GlobalSection(ProjectConfigurationPlatforms) = postSolution
		{58F69461-458E-413D-BA79-CE38A269EBD0}.Debug|x64.ActiveCfg = Debug|x64
		{58F69461-458E-413D-BA79-CE38A269EBD0}.Debug|x64.Build.0 = Debug|x64
		{58F69461-458E-413D-BA79-CE38A269EBD0}.Debug|x86.ActiveCfg = Debug|Win32
		{58F69461-458E-413D-BA79-CE38A269EBD0}.Debug|x86.Build.0 = Debug|Win32
		{58F69461-458E-413D-BA79-CE38A269EBD0}.Release|x64.ActiveCfg = Release|x64
		{58F69461-458E-413D-BA79-CE38A269EBD0}.Release|x64.Build.0 = Release|x64
		{58F69461-458E-413D-BA79-CE38A269EBD0}.Release|x86.ActiveCfg = Release|Win32
		{58F69461-458E-413D-BA79-CE38A269EBD0}.Release|x86.Build.0 = Release|Win32
		{7AB531ED-54D5-4B39-8E37-DD896C36DE2C}.Debug|x64.ActiveCfg = Debug|x64
		{7AB531ED-54D5-4B39-8E37-DD896C36DE2C}.Debug|x64.Build.0 = Debug|x64
		{7AB531ED-54D5-4B39-8E37-DD896C36DE2C}.Debug|x86.ActiveCfg = Debug|Win32
		{7AB531ED-54D5-4B39-8E37-DD896C36DE2C}.Debug|x86.Build.0 = Debug|Win32
		{7AB531ED-54D5-4B39-8E37-DD896C36DE2C}.Release|x64.ActiveCfg = Release|x64
		{7AB531ED-54D5-4B39-8E37-DD896C36DE2C}.Release|x64.Build.0 = Release|x64
		{7AB531ED-54D5-4B39-8E37-DD896C36DE2C}.Release|x86.ActiveCfg = Release|Win32
		{7AB531ED-54D5-4B39-8E37-DD896C36DE2C}.Release|x86.Build.0 = Release|Win32
		{F900F868-9BF4-4450-860A-C8C80CE96004}.Debug|x64.ActiveCfg = Debug|x64
		{F900F868-9BF4-4450-860A-C8C80CE96004}.Debug|x64.Build.0 = Debug|x64
		{F900F868-9BF4-4450-860A-C8C80CE96004}.Debug|x86.ActiveCfg = Debug|Win32
		{F900F868-9BF4-4450-860A-C8C80CE96004}.Debug|x86.Build.0 = Debug|Win32
		{F900F868-9BF4-4450-860A-C8C80CE96004}.Release|x64.ActiveCfg = Release|x64
		{F900F868-9BF4-4450-860A-C8C80CE96004}.Release|x64.Build.0 = Release|x64
		{F900F868-9BF4-4450-860A-C8C80CE96004}.Release|x86.ActiveCfg = Release|Win32
		{F900F868-9BF4-4450-860A-C8C80CE96004}.Release|x86.Build.0 = Release|Win32
		{D9E8343D-182B-4DCB-937C-0A39C0C05BA6}.Debug|x64.ActiveCfg = Debug|x64
		{D9E8343D-182B-4DCB-937C-0A39C0C05BA6}.Debug|x64.Build.0 = Debug|x64
		{D9E8343D-182B-4DCB-937C-0A39C0C05BA6}.Debug|x86.ActiveCfg = Debug|Win32
		{D9E8343D-182B-4DCB-937C-0A39C0C05BA6}.Debug|x86.Build.0 = Debug|Win32
		{D9E8343D-182B-4DCB-937C-0A39C0C05BA6}.Release|x64.ActiveCfg = Release|x64
		{D9E8343D-182B-4DCB-937C-0A39C0C05BA6}.Release|x64.Build.0 = Release|x64
		{D9E8343D-182B-4DCB-937C-0A39C0C05BA6}.Release|x86.ActiveCfg = Release|Win32
		{D9E8343D-182B-4DCB-937C-0A39C0C05BA6}.Release|x86.Build.0 = Release|Win32
		{56DAEB09-021F-4AF1-9544-ED73FCFC2E7A}.Debug|x64.ActiveCfg = Debug|x64
		{56DAEB09-021F-4AF1-9544-ED73FCFC2E7A}.Debug|x64.Build.0 = Debug|x64
		{56DAEB09-021F-4AF1-9544-ED73FCFC2E7A}.Debug|x86.ActiveCfg = Debug|Win32
		{56DAEB09-021F-4AF1-9544-ED73FCFC2E7A}.Debug|x86.Build.0 = Debug|Win32
		{56DAEB09-021F-4AF1-9544-ED73FCFC2E7A}.Release|x64.ActiveCfg = Release|x64
		{56DAEB09-021F-4AF1-9544-ED73FCFC2E7A}.Release|x64.Build.0 = Release|x64
		{56DAEB09-021F-4AF1-9544-ED73FCFC2E7A}.Release|x86.ActiveCfg = Release|Win32
		{56DAEB09-021F-4AF1-9544-ED73FCFC2E7A}.Release|x86.Build.0 = Release|Win32
		{56066834-9D5C-432D-ABD5-EB84169CEE69}.Debug|x64.ActiveCfg = Debug|x64
		{56066834-9D5C-432D-ABD5-EB84169CEE69}.Debug|x64.Build.0 = Debug|x64
		{56066834-9D5C-432D-ABD5-EB84169CEE69}.Debug|x86.ActiveCfg = Debug|Win32
		{56066834-9D5C-432D-ABD5-EB84169CEE69}.Debug|x86.Build.0 = Debug|Win32
		{56066834-9D5C-432D-ABD5-EB84169CEE69}.Release|x64.ActiveCfg = Release|x64
		{56066834-9D5C-432D-ABD5-EB84169CEE69}.Release|x64.Build.0 = Release|x64
		{56066834-9D5C-432D-ABD5-EB84169CEE69}.Release|x86.ActiveCfg = Release|Win32
		{56066834-9D5C-432D-ABD5-EB84169CEE69}.Release|x86.Build.0 = Release|Win32
		{7B5587AA-A73F-4F53-95F9-536AB1E8E811}.Debug|x64.ActiveCfg = Debug|x64
		{7B5587AA-A73F-4F53-95F9-536AB1E8E811}.Debug|x64.Build.0 = Debug|x64
		{7B5587AA-A73F-4F53-95F9-536AB1E8E811}.Debug|x86.ActiveCfg = Debug|Win32
		{7B5587AA-A73F-4F53-95F9-536AB1E8E811}.Debug|x86.Build.0 = Debug|Win32
		{7B5587AA-A73F-4F53-95F9-536AB1E8E811}.Release|x64.ActiveCfg = Release|x64
		{7B5587AA-A73F-4F53-95F9-536AB1E8E811}.Release|x64.Build.0 = Release|x64
		{7B5587AA-A73F-4F53-95F9-536AB1E8E811}.Release|x86.ActiveCfg = Release|Win32
		{7B5587AA-A73F-4F53-95F9-536AB1E8E811}.Release|x86.Build.0 = Release|Win32
		{D5A6F541-A65B-40D8-BCE5-4D1C15BA7A95}.Debug|x64.ActiveCfg = Debug|x64
		{D5A6F541-A65B-40D8-BCE5-4D1C15BA7A95}.Debug|x64.Build.0 = Debug|x64
		{D5A6F541-A65B-40D8-BCE5-4D1C15BA7A95}.Debug|x86.ActiveCfg = Debug|Win32
		{D5A6F541-A65B-40D8-BCE5-4D1C15BA7A95}.Debug|x86.Build.0 = Debug|Win32
		{D5A6F541-A65B-40D8-BCE5-4D1C15BA7A95}.Release|x64.ActiveCfg = Release|x64
		{D5A6F541-A65B-40D8-BCE5-4D1C15BA7A95}.Release|x64.Build.0 = Release|x64
		{D5A6F541-A65B-40D8-BCE5-4D1C15BA7A95}.Release|x86.ActiveCfg = Release|Win32
		{D5A6F541-A65B-40D8-BCE5-4D1C15BA7A95}.Release|x86.Build.0 = Release|Win32
	EndGlobalSection
	GlobalSection(SolutionProperties) = preSolution
		HideSolutionNode = FALSE
	EndGlobalSection
	GlobalSection(ExtensibilityGlobals) = postSolution
		SolutionGuid = {1B71305F-05BD-4EDA-89D9-E0616AF0A5E6}
	EndGlobalSection
EndGlobal
