
Microsoft Visual Studio Solution File, Format Version 12.00
# Visual Studio 15
VisualStudioVersion = 15.0.28307.1169
MinimumVisualStudioVersion = 10.0.40219.1
Project("{8BC9CEB8-8B4A-11D0-8D11-00A0C91BC942}") = "HelloWorld", "HelloWorld\HelloWorld.vcxproj", "{41D69BB6-BC16-497A-ACEA-97EB4994C55C}"
EndProject
Project("{8BC9CEB8-8B4A-11D0-8D11-00A0C91BC942}") = "io_printf", "io_printf\io_printf.vcxproj", "{598AF005-6E02-4129-A6B3-3DF4E4DB9AE5}"
EndProject
Project("{8BC9CEB8-8B4A-11D0-8D11-00A0C91BC942}") = "variables-0", "variables-0\variables-0.vcxproj", "{26B01070-FD0E-480F-A94A-81A0FD532DBB}"
EndProject
Project("{8BC9CEB8-8B4A-11D0-8D11-00A0C91BC942}") = "variables-datatypes.c", "variables-datatypes.c\variables-datatypes.c.vcxproj", "{4802CEF9-868A-4CCD-8218-ABCB6DE3264B}"
EndProject
Project("{8BC9CEB8-8B4A-11D0-8D11-00A0C91BC942}") = "io_scanf", "io_scanf\io_scanf.vcxproj", "{CFF648F9-F9A0-4007-87E1-45FDD1207624}"
EndProject
Project("{8BC9CEB8-8B4A-11D0-8D11-00A0C91BC942}") = "if", "if\if.vcxproj", "{B92289EE-FD43-4550-B381-ABABBCBCB88D}"
EndProject
Project("{8BC9CEB8-8B4A-11D0-8D11-00A0C91BC942}") = "else", "else\else.vcxproj", "{C085C3E9-0277-482E-A5C4-8E6A125F19E8}"
EndProject
Project("{8BC9CEB8-8B4A-11D0-8D11-00A0C91BC942}") = "elseif", "elseif\elseif.vcxproj", "{B7C13390-EC54-4A2F-9998-872FCB35CB56}"
EndProject
Project("{8BC9CEB8-8B4A-11D0-8D11-00A0C91BC942}") = "example-0", "example-0\example-0.vcxproj", "{5E8402F0-506F-4965-817B-3DCC36AE12BB}"
EndProject
Project("{8BC9CEB8-8B4A-11D0-8D11-00A0C91BC942}") = "PrintBinary", "PrintBinary\PrintBinary.vcxproj", "{6F9231EA-2695-42B0-98DD-12DD053C81D0}"
EndProject
Project("{8BC9CEB8-8B4A-11D0-8D11-00A0C91BC942}") = "variables-local", "variables-local\variables-local.vcxproj", "{D7BCED95-3B43-441F-83A8-ABDA66E04366}"
EndProject
Project("{8BC9CEB8-8B4A-11D0-8D11-00A0C91BC942}") = "array", "array\array.vcxproj", "{AE14E03C-7EBA-4DF1-B893-D7C62E822E8D}"
EndProject
Project("{8BC9CEB8-8B4A-11D0-8D11-00A0C91BC942}") = "test-pointer", "test-pointer\test-pointer.vcxproj", "{5C1F349E-43CF-43B1-B576-F5D6A9E09C1B}"
EndProject
Global
	GlobalSection(SolutionConfigurationPlatforms) = preSolution
		Debug|x64 = Debug|x64
		Debug|x86 = Debug|x86
		Release|x64 = Release|x64
		Release|x86 = Release|x86
	EndGlobalSection
	GlobalSection(ProjectConfigurationPlatforms) = postSolution
		{41D69BB6-BC16-497A-ACEA-97EB4994C55C}.Debug|x64.ActiveCfg = Debug|x64
		{41D69BB6-BC16-497A-ACEA-97EB4994C55C}.Debug|x64.Build.0 = Debug|x64
		{41D69BB6-BC16-497A-ACEA-97EB4994C55C}.Debug|x86.ActiveCfg = Debug|Win32
		{41D69BB6-BC16-497A-ACEA-97EB4994C55C}.Debug|x86.Build.0 = Debug|Win32
		{41D69BB6-BC16-497A-ACEA-97EB4994C55C}.Release|x64.ActiveCfg = Release|x64
		{41D69BB6-BC16-497A-ACEA-97EB4994C55C}.Release|x64.Build.0 = Release|x64
		{41D69BB6-BC16-497A-ACEA-97EB4994C55C}.Release|x86.ActiveCfg = Release|Win32
		{41D69BB6-BC16-497A-ACEA-97EB4994C55C}.Release|x86.Build.0 = Release|Win32
		{598AF005-6E02-4129-A6B3-3DF4E4DB9AE5}.Debug|x64.ActiveCfg = Debug|x64
		{598AF005-6E02-4129-A6B3-3DF4E4DB9AE5}.Debug|x64.Build.0 = Debug|x64
		{598AF005-6E02-4129-A6B3-3DF4E4DB9AE5}.Debug|x86.ActiveCfg = Debug|Win32
		{598AF005-6E02-4129-A6B3-3DF4E4DB9AE5}.Debug|x86.Build.0 = Debug|Win32
		{598AF005-6E02-4129-A6B3-3DF4E4DB9AE5}.Release|x64.ActiveCfg = Release|x64
		{598AF005-6E02-4129-A6B3-3DF4E4DB9AE5}.Release|x64.Build.0 = Release|x64
		{598AF005-6E02-4129-A6B3-3DF4E4DB9AE5}.Release|x86.ActiveCfg = Release|Win32
		{598AF005-6E02-4129-A6B3-3DF4E4DB9AE5}.Release|x86.Build.0 = Release|Win32
		{26B01070-FD0E-480F-A94A-81A0FD532DBB}.Debug|x64.ActiveCfg = Debug|x64
		{26B01070-FD0E-480F-A94A-81A0FD532DBB}.Debug|x64.Build.0 = Debug|x64
		{26B01070-FD0E-480F-A94A-81A0FD532DBB}.Debug|x86.ActiveCfg = Debug|Win32
		{26B01070-FD0E-480F-A94A-81A0FD532DBB}.Debug|x86.Build.0 = Debug|Win32
		{26B01070-FD0E-480F-A94A-81A0FD532DBB}.Release|x64.ActiveCfg = Release|x64
		{26B01070-FD0E-480F-A94A-81A0FD532DBB}.Release|x64.Build.0 = Release|x64
		{26B01070-FD0E-480F-A94A-81A0FD532DBB}.Release|x86.ActiveCfg = Release|Win32
		{26B01070-FD0E-480F-A94A-81A0FD532DBB}.Release|x86.Build.0 = Release|Win32
		{4802CEF9-868A-4CCD-8218-ABCB6DE3264B}.Debug|x64.ActiveCfg = Debug|x64
		{4802CEF9-868A-4CCD-8218-ABCB6DE3264B}.Debug|x64.Build.0 = Debug|x64
		{4802CEF9-868A-4CCD-8218-ABCB6DE3264B}.Debug|x86.ActiveCfg = Debug|Win32
		{4802CEF9-868A-4CCD-8218-ABCB6DE3264B}.Debug|x86.Build.0 = Debug|Win32
		{4802CEF9-868A-4CCD-8218-ABCB6DE3264B}.Release|x64.ActiveCfg = Release|x64
		{4802CEF9-868A-4CCD-8218-ABCB6DE3264B}.Release|x64.Build.0 = Release|x64
		{4802CEF9-868A-4CCD-8218-ABCB6DE3264B}.Release|x86.ActiveCfg = Release|Win32
		{4802CEF9-868A-4CCD-8218-ABCB6DE3264B}.Release|x86.Build.0 = Release|Win32
		{CFF648F9-F9A0-4007-87E1-45FDD1207624}.Debug|x64.ActiveCfg = Debug|x64
		{CFF648F9-F9A0-4007-87E1-45FDD1207624}.Debug|x64.Build.0 = Debug|x64
		{CFF648F9-F9A0-4007-87E1-45FDD1207624}.Debug|x86.ActiveCfg = Debug|Win32
		{CFF648F9-F9A0-4007-87E1-45FDD1207624}.Debug|x86.Build.0 = Debug|Win32
		{CFF648F9-F9A0-4007-87E1-45FDD1207624}.Release|x64.ActiveCfg = Release|x64
		{CFF648F9-F9A0-4007-87E1-45FDD1207624}.Release|x64.Build.0 = Release|x64
		{CFF648F9-F9A0-4007-87E1-45FDD1207624}.Release|x86.ActiveCfg = Release|Win32
		{CFF648F9-F9A0-4007-87E1-45FDD1207624}.Release|x86.Build.0 = Release|Win32
		{B92289EE-FD43-4550-B381-ABABBCBCB88D}.Debug|x64.ActiveCfg = Debug|x64
		{B92289EE-FD43-4550-B381-ABABBCBCB88D}.Debug|x64.Build.0 = Debug|x64
		{B92289EE-FD43-4550-B381-ABABBCBCB88D}.Debug|x86.ActiveCfg = Debug|Win32
		{B92289EE-FD43-4550-B381-ABABBCBCB88D}.Debug|x86.Build.0 = Debug|Win32
		{B92289EE-FD43-4550-B381-ABABBCBCB88D}.Release|x64.ActiveCfg = Release|x64
		{B92289EE-FD43-4550-B381-ABABBCBCB88D}.Release|x64.Build.0 = Release|x64
		{B92289EE-FD43-4550-B381-ABABBCBCB88D}.Release|x86.ActiveCfg = Release|Win32
		{B92289EE-FD43-4550-B381-ABABBCBCB88D}.Release|x86.Build.0 = Release|Win32
		{C085C3E9-0277-482E-A5C4-8E6A125F19E8}.Debug|x64.ActiveCfg = Debug|x64
		{C085C3E9-0277-482E-A5C4-8E6A125F19E8}.Debug|x64.Build.0 = Debug|x64
		{C085C3E9-0277-482E-A5C4-8E6A125F19E8}.Debug|x86.ActiveCfg = Debug|Win32
		{C085C3E9-0277-482E-A5C4-8E6A125F19E8}.Debug|x86.Build.0 = Debug|Win32
		{C085C3E9-0277-482E-A5C4-8E6A125F19E8}.Release|x64.ActiveCfg = Release|x64
		{C085C3E9-0277-482E-A5C4-8E6A125F19E8}.Release|x64.Build.0 = Release|x64
		{C085C3E9-0277-482E-A5C4-8E6A125F19E8}.Release|x86.ActiveCfg = Release|Win32
		{C085C3E9-0277-482E-A5C4-8E6A125F19E8}.Release|x86.Build.0 = Release|Win32
		{B7C13390-EC54-4A2F-9998-872FCB35CB56}.Debug|x64.ActiveCfg = Debug|x64
		{B7C13390-EC54-4A2F-9998-872FCB35CB56}.Debug|x64.Build.0 = Debug|x64
		{B7C13390-EC54-4A2F-9998-872FCB35CB56}.Debug|x86.ActiveCfg = Debug|Win32
		{B7C13390-EC54-4A2F-9998-872FCB35CB56}.Debug|x86.Build.0 = Debug|Win32
		{B7C13390-EC54-4A2F-9998-872FCB35CB56}.Release|x64.ActiveCfg = Release|x64
		{B7C13390-EC54-4A2F-9998-872FCB35CB56}.Release|x64.Build.0 = Release|x64
		{B7C13390-EC54-4A2F-9998-872FCB35CB56}.Release|x86.ActiveCfg = Release|Win32
		{B7C13390-EC54-4A2F-9998-872FCB35CB56}.Release|x86.Build.0 = Release|Win32
		{5E8402F0-506F-4965-817B-3DCC36AE12BB}.Debug|x64.ActiveCfg = Debug|x64
		{5E8402F0-506F-4965-817B-3DCC36AE12BB}.Debug|x64.Build.0 = Debug|x64
		{5E8402F0-506F-4965-817B-3DCC36AE12BB}.Debug|x86.ActiveCfg = Debug|Win32
		{5E8402F0-506F-4965-817B-3DCC36AE12BB}.Debug|x86.Build.0 = Debug|Win32
		{5E8402F0-506F-4965-817B-3DCC36AE12BB}.Release|x64.ActiveCfg = Release|x64
		{5E8402F0-506F-4965-817B-3DCC36AE12BB}.Release|x64.Build.0 = Release|x64
		{5E8402F0-506F-4965-817B-3DCC36AE12BB}.Release|x86.ActiveCfg = Release|Win32
		{5E8402F0-506F-4965-817B-3DCC36AE12BB}.Release|x86.Build.0 = Release|Win32
		{6F9231EA-2695-42B0-98DD-12DD053C81D0}.Debug|x64.ActiveCfg = Debug|x64
		{6F9231EA-2695-42B0-98DD-12DD053C81D0}.Debug|x64.Build.0 = Debug|x64
		{6F9231EA-2695-42B0-98DD-12DD053C81D0}.Debug|x86.ActiveCfg = Debug|Win32
		{6F9231EA-2695-42B0-98DD-12DD053C81D0}.Debug|x86.Build.0 = Debug|Win32
		{6F9231EA-2695-42B0-98DD-12DD053C81D0}.Release|x64.ActiveCfg = Release|x64
		{6F9231EA-2695-42B0-98DD-12DD053C81D0}.Release|x64.Build.0 = Release|x64
		{6F9231EA-2695-42B0-98DD-12DD053C81D0}.Release|x86.ActiveCfg = Release|Win32
		{6F9231EA-2695-42B0-98DD-12DD053C81D0}.Release|x86.Build.0 = Release|Win32
		{D7BCED95-3B43-441F-83A8-ABDA66E04366}.Debug|x64.ActiveCfg = Debug|x64
		{D7BCED95-3B43-441F-83A8-ABDA66E04366}.Debug|x64.Build.0 = Debug|x64
		{D7BCED95-3B43-441F-83A8-ABDA66E04366}.Debug|x86.ActiveCfg = Debug|Win32
		{D7BCED95-3B43-441F-83A8-ABDA66E04366}.Debug|x86.Build.0 = Debug|Win32
		{D7BCED95-3B43-441F-83A8-ABDA66E04366}.Release|x64.ActiveCfg = Release|x64
		{D7BCED95-3B43-441F-83A8-ABDA66E04366}.Release|x64.Build.0 = Release|x64
		{D7BCED95-3B43-441F-83A8-ABDA66E04366}.Release|x86.ActiveCfg = Release|Win32
		{D7BCED95-3B43-441F-83A8-ABDA66E04366}.Release|x86.Build.0 = Release|Win32
		{AE14E03C-7EBA-4DF1-B893-D7C62E822E8D}.Debug|x64.ActiveCfg = Debug|x64
		{AE14E03C-7EBA-4DF1-B893-D7C62E822E8D}.Debug|x64.Build.0 = Debug|x64
		{AE14E03C-7EBA-4DF1-B893-D7C62E822E8D}.Debug|x86.ActiveCfg = Debug|Win32
		{AE14E03C-7EBA-4DF1-B893-D7C62E822E8D}.Debug|x86.Build.0 = Debug|Win32
		{AE14E03C-7EBA-4DF1-B893-D7C62E822E8D}.Release|x64.ActiveCfg = Release|x64
		{AE14E03C-7EBA-4DF1-B893-D7C62E822E8D}.Release|x64.Build.0 = Release|x64
		{AE14E03C-7EBA-4DF1-B893-D7C62E822E8D}.Release|x86.ActiveCfg = Release|Win32
		{AE14E03C-7EBA-4DF1-B893-D7C62E822E8D}.Release|x86.Build.0 = Release|Win32
		{5C1F349E-43CF-43B1-B576-F5D6A9E09C1B}.Debug|x64.ActiveCfg = Debug|x64
		{5C1F349E-43CF-43B1-B576-F5D6A9E09C1B}.Debug|x64.Build.0 = Debug|x64
		{5C1F349E-43CF-43B1-B576-F5D6A9E09C1B}.Debug|x86.ActiveCfg = Debug|Win32
		{5C1F349E-43CF-43B1-B576-F5D6A9E09C1B}.Debug|x86.Build.0 = Debug|Win32
		{5C1F349E-43CF-43B1-B576-F5D6A9E09C1B}.Release|x64.ActiveCfg = Release|x64
		{5C1F349E-43CF-43B1-B576-F5D6A9E09C1B}.Release|x64.Build.0 = Release|x64
		{5C1F349E-43CF-43B1-B576-F5D6A9E09C1B}.Release|x86.ActiveCfg = Release|Win32
		{5C1F349E-43CF-43B1-B576-F5D6A9E09C1B}.Release|x86.Build.0 = Release|Win32
	EndGlobalSection
	GlobalSection(SolutionProperties) = preSolution
		HideSolutionNode = FALSE
	EndGlobalSection
	GlobalSection(ExtensibilityGlobals) = postSolution
		SolutionGuid = {61A43058-DDEA-4663-AEE4-550E3C6CA33F}
	EndGlobalSection
EndGlobal
